
Microsoft Visual Studio Solution File, Format Version 12.00
# Visual Studio 15
VisualStudioVersion = 15.0.27703.2035
MinimumVisualStudioVersion = 10.0.40219.1
Project("{FAE04EC0-301F-11D3-BF4B-00C04F79EFBC}") = "Memberships", "Memberships\Memberships.csproj", "{74DB4271-8B5D-4904-A57E-E022106F5A1A}"
EndProject
Project("{FAE04EC0-301F-11D3-BF4B-00C04F79EFBC}") = "Memberships.Tests", "Memberships.Tests\Memberships.Tests.csproj", "{44BC53C6-FC51-438F-B706-80C93E4BDB2F}"
EndProject
Global
	GlobalSection(SolutionConfigurationPlatforms) = preSolution
		Debug|Any CPU = Debug|Any CPU
		Release|Any CPU = Release|Any CPU
	EndGlobalSection
	GlobalSection(ProjectConfigurationPlatforms) = postSolution
		{74DB4271-8B5D-4904-A57E-E022106F5A1A}.Debug|Any CPU.ActiveCfg = Debug|Any CPU
		{74DB4271-8B5D-4904-A57E-E022106F5A1A}.Debug|Any CPU.Build.0 = Debug|Any CPU
		{74DB4271-8B5D-4904-A57E-E022106F5A1A}.Release|Any CPU.ActiveCfg = Release|Any CPU
		{74DB4271-8B5D-4904-A57E-E022106F5A1A}.Release|Any CPU.Build.0 = Release|Any CPU
		{44BC53C6-FC51-438F-B706-80C93E4BDB2F}.Debug|Any CPU.ActiveCfg = Debug|Any CPU
		{44BC53C6-FC51-438F-B706-80C93E4BDB2F}.Debug|Any CPU.Build.0 = Debug|Any CPU
		{44BC53C6-FC51-438F-B706-80C93E4BDB2F}.Release|Any CPU.ActiveCfg = Release|Any CPU
		{44BC53C6-FC51-438F-B706-80C93E4BDB2F}.Release|Any CPU.Build.0 = Release|Any CPU
	EndGlobalSection
	GlobalSection(SolutionProperties) = preSolution
		HideSolutionNode = FALSE
	EndGlobalSection
	GlobalSection(ExtensibilityGlobals) = postSolution
		SolutionGuid = {2C2A6F1E-B99E-4CE8-9D70-B4EB0C8E89C7}
	EndGlobalSection
EndGlobal
